
Microsoft Visual Studio Solution File, Format Version 12.00
# Visual Studio Version 16
VisualStudioVersion = 16.0.30413.136
MinimumVisualStudioVersion = 10.0.40219.1
Project("{9A19103F-16F7-4668-BE54-9A1E7A4F7556}") = "ConsoleProvider", "Redis\ConsoleProvider.csproj", "{AB8231E2-4BBF-449F-84E7-5F1E869F228A}"
EndProject
Project("{FAE04EC0-301F-11D3-BF4B-00C04F79EFBC}") = "Redis", "RedisProvider\Redis.csproj", "{1E5EA962-9E2C-48B0-9523-51F0D84B816C}"
EndProject
Project("{FAE04EC0-301F-11D3-BF4B-00C04F79EFBC}") = "Api", "Api\Api.csproj", "{C8098B69-D8F8-42D6-A110-C51C2881F846}"
EndProject
Global
	GlobalSection(SolutionConfigurationPlatforms) = preSolution
		Debug|Any CPU = Debug|Any CPU
		Release|Any CPU = Release|Any CPU
	EndGlobalSection
	GlobalSection(ProjectConfigurationPlatforms) = postSolution
		{AB8231E2-4BBF-449F-84E7-5F1E869F228A}.Debug|Any CPU.ActiveCfg = Debug|Any CPU
		{AB8231E2-4BBF-449F-84E7-5F1E869F228A}.Debug|Any CPU.Build.0 = Debug|Any CPU
		{AB8231E2-4BBF-449F-84E7-5F1E869F228A}.Release|Any CPU.ActiveCfg = Release|Any CPU
		{AB8231E2-4BBF-449F-84E7-5F1E869F228A}.Release|Any CPU.Build.0 = Release|Any CPU
		{1E5EA962-9E2C-48B0-9523-51F0D84B816C}.Debug|Any CPU.ActiveCfg = Debug|Any CPU
		{1E5EA962-9E2C-48B0-9523-51F0D84B816C}.Debug|Any CPU.Build.0 = Debug|Any CPU
		{1E5EA962-9E2C-48B0-9523-51F0D84B816C}.Release|Any CPU.ActiveCfg = Release|Any CPU
		{1E5EA962-9E2C-48B0-9523-51F0D84B816C}.Release|Any CPU.Build.0 = Release|Any CPU
		{C8098B69-D8F8-42D6-A110-C51C2881F846}.Debug|Any CPU.ActiveCfg = Debug|Any CPU
		{C8098B69-D8F8-42D6-A110-C51C2881F846}.Debug|Any CPU.Build.0 = Debug|Any CPU
		{C8098B69-D8F8-42D6-A110-C51C2881F846}.Release|Any CPU.ActiveCfg = Release|Any CPU
		{C8098B69-D8F8-42D6-A110-C51C2881F846}.Release|Any CPU.Build.0 = Release|Any CPU
	EndGlobalSection
	GlobalSection(SolutionProperties) = preSolution
		HideSolutionNode = FALSE
	EndGlobalSection
	GlobalSection(ExtensibilityGlobals) = postSolution
		SolutionGuid = {B37F9A8F-6A95-4180-8722-7B0B636DDB9D}
	EndGlobalSection
EndGlobal
